// !$*UTF8*$!
{
	archiveVersion = 1;
	classes = {
	};
	objectVersion = 56;
	objects = {

/* Begin PBXBuildFile section */
		928DB08E2CEA786200C6F30F /* ContinuousIntegrationDemoApp.swift in Sources */ = {isa = PBXBuildFile; fileRef = 928DB08D2CEA786200C6F30F /* ContinuousIntegrationDemoApp.swift */; };
		928DB0902CEA786200C6F30F /* ContentView.swift in Sources */ = {isa = PBXBuildFile; fileRef = 928DB08F2CEA786200C6F30F /* ContentView.swift */; };
		928DB0922CEA786300C6F30F /* Assets.xcassets in Resources */ = {isa = PBXBuildFile; fileRef = 928DB0912CEA786300C6F30F /* Assets.xcassets */; };
		928DB0952CEA786300C6F30F /* Preview Assets.xcassets in Resources */ = {isa = PBXBuildFile; fileRef = 928DB0942CEA786300C6F30F /* Preview Assets.xcassets */; };
		928DB09F2CEA786300C6F30F /* ContinuousIntegrationDemoTests.swift in Sources */ = {isa = PBXBuildFile; fileRef = 928DB09E2CEA786300C6F30F /* ContinuousIntegrationDemoTests.swift */; };
		928DB0A92CEA786300C6F30F /* ContinuousIntegrationDemoUITests.swift in Sources */ = {isa = PBXBuildFile; fileRef = 928DB0A82CEA786300C6F30F /* ContinuousIntegrationDemoUITests.swift */; };
		928DB0AB2CEA786300C6F30F /* ContinuousIntegrationDemoUITestsLaunchTests.swift in Sources */ = {isa = PBXBuildFile; fileRef = 928DB0AA2CEA786300C6F30F /* ContinuousIntegrationDemoUITestsLaunchTests.swift */; };
/* End PBXBuildFile section */

/* Begin PBXContainerItemProxy section */
		928DB09B2CEA786300C6F30F /* PBXContainerItemProxy */ = {
			isa = PBXContainerItemProxy;
			containerPortal = 928DB0822CEA786200C6F30F /* Project object */;
			proxyType = 1;
			remoteGlobalIDString = 928DB0892CEA786200C6F30F;
			remoteInfo = ContinuousIntegrationDemo;
		};
		928DB0A52CEA786300C6F30F /* PBXContainerItemProxy */ = {
			isa = PBXContainerItemProxy;
			containerPortal = 928DB0822CEA786200C6F30F /* Project object */;
			proxyType = 1;
			remoteGlobalIDString = 928DB0892CEA786200C6F30F;
			remoteInfo = ContinuousIntegrationDemo;
		};
/* End PBXContainerItemProxy section */

/* Begin PBXFileReference section */
		928DB08A2CEA786200C6F30F /* ContinuousIntegrationDemo.app */ = {isa = PBXFileReference; explicitFileType = wrapper.application; includeInIndex = 0; path = ContinuousIntegrationDemo.app; sourceTree = BUILT_PRODUCTS_DIR; };
		928DB08D2CEA786200C6F30F /* ContinuousIntegrationDemoApp.swift */ = {isa = PBXFileReference; lastKnownFileType = sourcecode.swift; path = ContinuousIntegrationDemoApp.swift; sourceTree = "<group>"; };
		928DB08F2CEA786200C6F30F /* ContentView.swift */ = {isa = PBXFileReference; lastKnownFileType = sourcecode.swift; path = ContentView.swift; sourceTree = "<group>"; };
		928DB0912CEA786300C6F30F /* Assets.xcassets */ = {isa = PBXFileReference; lastKnownFileType = folder.assetcatalog; path = Assets.xcassets; sourceTree = "<group>"; };
		928DB0942CEA786300C6F30F /* Preview Assets.xcassets */ = {isa = PBXFileReference; lastKnownFileType = folder.assetcatalog; path = "Preview Assets.xcassets"; sourceTree = "<group>"; };
		928DB09A2CEA786300C6F30F /* ContinuousIntegrationDemoTests.xctest */ = {isa = PBXFileReference; explicitFileType = wrapper.cfbundle; includeInIndex = 0; path = ContinuousIntegrationDemoTests.xctest; sourceTree = BUILT_PRODUCTS_DIR; };
		928DB09E2CEA786300C6F30F /* ContinuousIntegrationDemoTests.swift */ = {isa = PBXFileReference; lastKnownFileType = sourcecode.swift; path = ContinuousIntegrationDemoTests.swift; sourceTree = "<group>"; };
		928DB0A42CEA786300C6F30F /* ContinuousIntegrationDemoUITests.xctest */ = {isa = PBXFileReference; explicitFileType = wrapper.cfbundle; includeInIndex = 0; path = ContinuousIntegrationDemoUITests.xctest; sourceTree = BUILT_PRODUCTS_DIR; };
		928DB0A82CEA786300C6F30F /* ContinuousIntegrationDemoUITests.swift */ = {isa = PBXFileReference; lastKnownFileType = sourcecode.swift; path = ContinuousIntegrationDemoUITests.swift; sourceTree = "<group>"; };
		928DB0AA2CEA786300C6F30F /* ContinuousIntegrationDemoUITestsLaunchTests.swift */ = {isa = PBXFileReference; lastKnownFileType = sourcecode.swift; path = ContinuousIntegrationDemoUITestsLaunchTests.swift; sourceTree = "<group>"; };
/* End PBXFileReference section */

/* Begin PBXFrameworksBuildPhase section */
		928DB0872CEA786200C6F30F /* Frameworks */ = {
			isa = PBXFrameworksBuildPhase;
			buildActionMask = 2147483647;
			files = (
			);
			runOnlyForDeploymentPostprocessing = 0;
		};
		928DB0972CEA786300C6F30F /* Frameworks */ = {
			isa = PBXFrameworksBuildPhase;
			buildActionMask = 2147483647;
			files = (
			);
			runOnlyForDeploymentPostprocessing = 0;
		};
		928DB0A12CEA786300C6F30F /* Frameworks */ = {
			isa = PBXFrameworksBuildPhase;
			buildActionMask = 2147483647;
			files = (
			);
			runOnlyForDeploymentPostprocessing = 0;
		};
/* End PBXFrameworksBuildPhase section */

/* Begin PBXGroup section */
		928DB0812CEA786200C6F30F = {
			isa = PBXGroup;
			children = (
				928DB08C2CEA786200C6F30F /* ContinuousIntegrationDemo */,
				928DB09D2CEA786300C6F30F /* ContinuousIntegrationDemoTests */,
				928DB0A72CEA786300C6F30F /* ContinuousIntegrationDemoUITests */,
				928DB08B2CEA786200C6F30F /* Products */,
			);
			sourceTree = "<group>";
		};
		928DB08B2CEA786200C6F30F /* Products */ = {
			isa = PBXGroup;
			children = (
				928DB08A2CEA786200C6F30F /* ContinuousIntegrationDemo.app */,
				928DB09A2CEA786300C6F30F /* ContinuousIntegrationDemoTests.xctest */,
				928DB0A42CEA786300C6F30F /* ContinuousIntegrationDemoUITests.xctest */,
			);
			name = Products;
			sourceTree = "<group>";
		};
		928DB08C2CEA786200C6F30F /* ContinuousIntegrationDemo */ = {
			isa = PBXGroup;
			children = (
				928DB08D2CEA786200C6F30F /* ContinuousIntegrationDemoApp.swift */,
				928DB08F2CEA786200C6F30F /* ContentView.swift */,
				928DB0912CEA786300C6F30F /* Assets.xcassets */,
				928DB0932CEA786300C6F30F /* Preview Content */,
			);
			path = ContinuousIntegrationDemo;
			sourceTree = "<group>";
		};
		928DB0932CEA786300C6F30F /* Preview Content */ = {
			isa = PBXGroup;
			children = (
				928DB0942CEA786300C6F30F /* Preview Assets.xcassets */,
			);
			path = "Preview Content";
			sourceTree = "<group>";
		};
		928DB09D2CEA786300C6F30F /* ContinuousIntegrationDemoTests */ = {
			isa = PBXGroup;
			children = (
				928DB09E2CEA786300C6F30F /* ContinuousIntegrationDemoTests.swift */,
			);
			path = ContinuousIntegrationDemoTests;
			sourceTree = "<group>";
		};
		928DB0A72CEA786300C6F30F /* ContinuousIntegrationDemoUITests */ = {
			isa = PBXGroup;
			children = (
				928DB0A82CEA786300C6F30F /* ContinuousIntegrationDemoUITests.swift */,
				928DB0AA2CEA786300C6F30F /* ContinuousIntegrationDemoUITestsLaunchTests.swift */,
			);
			path = ContinuousIntegrationDemoUITests;
			sourceTree = "<group>";
		};
/* End PBXGroup section */

/* Begin PBXNativeTarget section */
		928DB0892CEA786200C6F30F /* ContinuousIntegrationDemo */ = {
			isa = PBXNativeTarget;
			buildConfigurationList = 928DB0AE2CEA786300C6F30F /* Build configuration list for PBXNativeTarget "ContinuousIntegrationDemo" */;
			buildPhases = (
				928DB0862CEA786200C6F30F /* Sources */,
				928DB0872CEA786200C6F30F /* Frameworks */,
				928DB0882CEA786200C6F30F /* Resources */,
			);
			buildRules = (
			);
			dependencies = (
			);
			name = ContinuousIntegrationDemo;
			productName = ContinuousIntegrationDemo;
			productReference = 928DB08A2CEA786200C6F30F /* ContinuousIntegrationDemo.app */;
			productType = "com.apple.product-type.application";
		};
		928DB0992CEA786300C6F30F /* ContinuousIntegrationDemoTests */ = {
			isa = PBXNativeTarget;
			buildConfigurationList = 928DB0B12CEA786300C6F30F /* Build configuration list for PBXNativeTarget "ContinuousIntegrationDemoTests" */;
			buildPhases = (
				928DB0962CEA786300C6F30F /* Sources */,
				928DB0972CEA786300C6F30F /* Frameworks */,
				928DB0982CEA786300C6F30F /* Resources */,
			);
			buildRules = (
			);
			dependencies = (
				928DB09C2CEA786300C6F30F /* PBXTargetDependency */,
			);
			name = ContinuousIntegrationDemoTests;
			productName = ContinuousIntegrationDemoTests;
			productReference = 928DB09A2CEA786300C6F30F /* ContinuousIntegrationDemoTests.xctest */;
			productType = "com.apple.product-type.bundle.unit-test";
		};
		928DB0A32CEA786300C6F30F /* ContinuousIntegrationDemoUITests */ = {
			isa = PBXNativeTarget;
			buildConfigurationList = 928DB0B42CEA786300C6F30F /* Build configuration list for PBXNativeTarget "ContinuousIntegrationDemoUITests" */;
			buildPhases = (
				928DB0A02CEA786300C6F30F /* Sources */,
				928DB0A12CEA786300C6F30F /* Frameworks */,
				928DB0A22CEA786300C6F30F /* Resources */,
			);
			buildRules = (
			);
			dependencies = (
				928DB0A62CEA786300C6F30F /* PBXTargetDependency */,
			);
			name = ContinuousIntegrationDemoUITests;
			productName = ContinuousIntegrationDemoUITests;
			productReference = 928DB0A42CEA786300C6F30F /* ContinuousIntegrationDemoUITests.xctest */;
			productType = "com.apple.product-type.bundle.ui-testing";
		};
/* End PBXNativeTarget section */

/* Begin PBXProject section */
		928DB0822CEA786200C6F30F /* Project object */ = {
			isa = PBXProject;
			attributes = {
				BuildIndependentTargetsInParallel = 1;
				LastSwiftUpdateCheck = 1540;
				LastUpgradeCheck = 1540;
				TargetAttributes = {
					928DB0892CEA786200C6F30F = {
						CreatedOnToolsVersion = 15.4;
					};
					928DB0992CEA786300C6F30F = {
						CreatedOnToolsVersion = 15.4;
						TestTargetID = 928DB0892CEA786200C6F30F;
					};
					928DB0A32CEA786300C6F30F = {
						CreatedOnToolsVersion = 15.4;
						TestTargetID = 928DB0892CEA786200C6F30F;
					};
				};
			};
			buildConfigurationList = 928DB0852CEA786200C6F30F /* Build configuration list for PBXProject "ContinuousIntegrationDemo" */;
			compatibilityVersion = "Xcode 14.0";
			developmentRegion = en;
			hasScannedForEncodings = 0;
			knownRegions = (
				en,
				Base,
			);
			mainGroup = 928DB0812CEA786200C6F30F;
			productRefGroup = 928DB08B2CEA786200C6F30F /* Products */;
			projectDirPath = "";
			projectRoot = "";
			targets = (
				928DB0892CEA786200C6F30F /* ContinuousIntegrationDemo */,
				928DB0992CEA786300C6F30F /* ContinuousIntegrationDemoTests */,
				928DB0A32CEA786300C6F30F /* ContinuousIntegrationDemoUITests */,
			);
		};
/* End PBXProject section */

/* Begin PBXResourcesBuildPhase section */
		928DB0882CEA786200C6F30F /* Resources */ = {
			isa = PBXResourcesBuildPhase;
			buildActionMask = 2147483647;
			files = (
				928DB0952CEA786300C6F30F /* Preview Assets.xcassets in Resources */,
				928DB0922CEA786300C6F30F /* Assets.xcassets in Resources */,
			);
			runOnlyForDeploymentPostprocessing = 0;
		};
		928DB0982CEA786300C6F30F /* Resources */ = {
			isa = PBXResourcesBuildPhase;
			buildActionMask = 2147483647;
			files = (
			);
			runOnlyForDeploymentPostprocessing = 0;
		};
		928DB0A22CEA786300C6F30F /* Resources */ = {
			isa = PBXResourcesBuildPhase;
			buildActionMask = 2147483647;
			files = (
			);
			runOnlyForDeploymentPostprocessing = 0;
		};
/* End PBXResourcesBuildPhase section */

/* Begin PBXSourcesBuildPhase section */
		928DB0862CEA786200C6F30F /* Sources */ = {
			isa = PBXSourcesBuildPhase;
			buildActionMask = 2147483647;
			files = (
				928DB0902CEA786200C6F30F /* ContentView.swift in Sources */,
				928DB08E2CEA786200C6F30F /* ContinuousIntegrationDemoApp.swift in Sources */,
			);
			runOnlyForDeploymentPostprocessing = 0;
		};
		928DB0962CEA786300C6F30F /* Sources */ = {
			isa = PBXSourcesBuildPhase;
			buildActionMask = 2147483647;
			files = (
				928DB09F2CEA786300C6F30F /* ContinuousIntegrationDemoTests.swift in Sources */,
			);
			runOnlyForDeploymentPostprocessing = 0;
		};
		928DB0A02CEA786300C6F30F /* Sources */ = {
			isa = PBXSourcesBuildPhase;
			buildActionMask = 2147483647;
			files = (
				928DB0A92CEA786300C6F30F /* ContinuousIntegrationDemoUITests.swift in Sources */,
				928DB0AB2CEA786300C6F30F /* ContinuousIntegrationDemoUITestsLaunchTests.swift in Sources */,
			);
			runOnlyForDeploymentPostprocessing = 0;
		};
/* End PBXSourcesBuildPhase section */

/* Begin PBXTargetDependency section */
		928DB09C2CEA786300C6F30F /* PBXTargetDependency */ = {
			isa = PBXTargetDependency;
			target = 928DB0892CEA786200C6F30F /* ContinuousIntegrationDemo */;
			targetProxy = 928DB09B2CEA786300C6F30F /* PBXContainerItemProxy */;
		};
		928DB0A62CEA786300C6F30F /* PBXTargetDependency */ = {
			isa = PBXTargetDependency;
			target = 928DB0892CEA786200C6F30F /* ContinuousIntegrationDemo */;
			targetProxy = 928DB0A52CEA786300C6F30F /* PBXContainerItemProxy */;
		};
/* End PBXTargetDependency section */

/* Begin XCBuildConfiguration section */
		928DB0AC2CEA786300C6F30F /* Debug */ = {
			isa = XCBuildConfiguration;
			buildSettings = {
				ALWAYS_SEARCH_USER_PATHS = NO;
				ASSETCATALOG_COMPILER_GENERATE_SWIFT_ASSET_SYMBOL_EXTENSIONS = YES;
				CLANG_ANALYZER_NONNULL = YES;
				CLANG_ANALYZER_NUMBER_OBJECT_CONVERSION = YES_AGGRESSIVE;
				CLANG_CXX_LANGUAGE_STANDARD = "gnu++20";
				CLANG_ENABLE_MODULES = YES;
				CLANG_ENABLE_OBJC_ARC = YES;
				CLANG_ENABLE_OBJC_WEAK = YES;
				CLANG_WARN_BLOCK_CAPTURE_AUTORELEASING = YES;
				CLANG_WARN_BOOL_CONVERSION = YES;
				CLANG_WARN_COMMA = YES;
				CLANG_WARN_CONSTANT_CONVERSION = YES;
				CLANG_WARN_DEPRECATED_OBJC_IMPLEMENTATIONS = YES;
				CLANG_WARN_DIRECT_OBJC_ISA_USAGE = YES_ERROR;
				CLANG_WARN_DOCUMENTATION_COMMENTS = YES;
				CLANG_WARN_EMPTY_BODY = YES;
				CLANG_WARN_ENUM_CONVERSION = YES;
				CLANG_WARN_INFINITE_RECURSION = YES;
				CLANG_WARN_INT_CONVERSION = YES;
				CLANG_WARN_NON_LITERAL_NULL_CONVERSION = YES;
				CLANG_WARN_OBJC_IMPLICIT_RETAIN_SELF = YES;
				CLANG_WARN_OBJC_LITERAL_CONVERSION = YES;
				CLANG_WARN_OBJC_ROOT_CLASS = YES_ERROR;
				CLANG_WARN_QUOTED_INCLUDE_IN_FRAMEWORK_HEADER = YES;
				CLANG_WARN_RANGE_LOOP_ANALYSIS = YES;
				CLANG_WARN_STRICT_PROTOTYPES = YES;
				CLANG_WARN_SUSPICIOUS_MOVE = YES;
				CLANG_WARN_UNGUARDED_AVAILABILITY = YES_AGGRESSIVE;
				CLANG_WARN_UNREACHABLE_CODE = YES;
				CLANG_WARN__DUPLICATE_METHOD_MATCH = YES;
				COPY_PHASE_STRIP = NO;
				DEBUG_INFORMATION_FORMAT = dwarf;
				ENABLE_STRICT_OBJC_MSGSEND = YES;
				ENABLE_TESTABILITY = YES;
				ENABLE_USER_SCRIPT_SANDBOXING = YES;
				GCC_C_LANGUAGE_STANDARD = gnu17;
				GCC_DYNAMIC_NO_PIC = NO;
				GCC_NO_COMMON_BLOCKS = YES;
				GCC_OPTIMIZATION_LEVEL = 0;
				GCC_PREPROCESSOR_DEFINITIONS = (
					"DEBUG=1",
					"$(inherited)",
				);
				GCC_WARN_64_TO_32_BIT_CONVERSION = YES;
				GCC_WARN_ABOUT_RETURN_TYPE = YES_ERROR;
				GCC_WARN_UNDECLARED_SELECTOR = YES;
				GCC_WARN_UNINITIALIZED_AUTOS = YES_AGGRESSIVE;
				GCC_WARN_UNUSED_FUNCTION = YES;
				GCC_WARN_UNUSED_VARIABLE = YES;
				IPHONEOS_DEPLOYMENT_TARGET = 17.5;
				LOCALIZATION_PREFERS_STRING_CATALOGS = YES;
				MTL_ENABLE_DEBUG_INFO = INCLUDE_SOURCE;
				MTL_FAST_MATH = YES;
				ONLY_ACTIVE_ARCH = YES;
				SDKROOT = iphoneos;
				SWIFT_ACTIVE_COMPILATION_CONDITIONS = "DEBUG $(inherited)";
				SWIFT_OPTIMIZATION_LEVEL = "-Onone";
			};
			name = Debug;
		};
		928DB0AD2CEA786300C6F30F /* Release */ = {
			isa = XCBuildConfiguration;
			buildSettings = {
				ALWAYS_SEARCH_USER_PATHS = NO;
				ASSETCATALOG_COMPILER_GENERATE_SWIFT_ASSET_SYMBOL_EXTENSIONS = YES;
				CLANG_ANALYZER_NONNULL = YES;
				CLANG_ANALYZER_NUMBER_OBJECT_CONVERSION = YES_AGGRESSIVE;
				CLANG_CXX_LANGUAGE_STANDARD = "gnu++20";
				CLANG_ENABLE_MODULES = YES;
				CLANG_ENABLE_OBJC_ARC = YES;
				CLANG_ENABLE_OBJC_WEAK = YES;
				CLANG_WARN_BLOCK_CAPTURE_AUTORELEASING = YES;
				CLANG_WARN_BOOL_CONVERSION = YES;
				CLANG_WARN_COMMA = YES;
				CLANG_WARN_CONSTANT_CONVERSION = YES;
				CLANG_WARN_DEPRECATED_OBJC_IMPLEMENTATIONS = YES;
				CLANG_WARN_DIRECT_OBJC_ISA_USAGE = YES_ERROR;
				CLANG_WARN_DOCUMENTATION_COMMENTS = YES;
				CLANG_WARN_EMPTY_BODY = YES;
				CLANG_WARN_ENUM_CONVERSION = YES;
				CLANG_WARN_INFINITE_RECURSION = YES;
				CLANG_WARN_INT_CONVERSION = YES;
				CLANG_WARN_NON_LITERAL_NULL_CONVERSION = YES;
				CLANG_WARN_OBJC_IMPLICIT_RETAIN_SELF = YES;
				CLANG_WARN_OBJC_LITERAL_CONVERSION = YES;
				CLANG_WARN_OBJC_ROOT_CLASS = YES_ERROR;
				CLANG_WARN_QUOTED_INCLUDE_IN_FRAMEWORK_HEADER = YES;
				CLANG_WARN_RANGE_LOOP_ANALYSIS = YES;
				CLANG_WARN_STRICT_PROTOTYPES = YES;
				CLANG_WARN_SUSPICIOUS_MOVE = YES;
				CLANG_WARN_UNGUARDED_AVAILABILITY = YES_AGGRESSIVE;
				CLANG_WARN_UNREACHABLE_CODE = YES;
				CLANG_WARN__DUPLICATE_METHOD_MATCH = YES;
				COPY_PHASE_STRIP = NO;
				DEBUG_INFORMATION_FORMAT = "dwarf-with-dsym";
				ENABLE_NS_ASSERTIONS = NO;
				ENABLE_STRICT_OBJC_MSGSEND = YES;
				ENABLE_USER_SCRIPT_SANDBOXING = YES;
				GCC_C_LANGUAGE_STANDARD = gnu17;
				GCC_NO_COMMON_BLOCKS = YES;
				GCC_WARN_64_TO_32_BIT_CONVERSION = YES;
				GCC_WARN_ABOUT_RETURN_TYPE = YES_ERROR;
				GCC_WARN_UNDECLARED_SELECTOR = YES;
				GCC_WARN_UNINITIALIZED_AUTOS = YES_AGGRESSIVE;
				GCC_WARN_UNUSED_FUNCTION = YES;
				GCC_WARN_UNUSED_VARIABLE = YES;
				IPHONEOS_DEPLOYMENT_TARGET = 17.5;
				LOCALIZATION_PREFERS_STRING_CATALOGS = YES;
				MTL_ENABLE_DEBUG_INFO = NO;
				MTL_FAST_MATH = YES;
				SDKROOT = iphoneos;
				SWIFT_COMPILATION_MODE = wholemodule;
				VALIDATE_PRODUCT = YES;
			};
			name = Release;
		};
		928DB0AF2CEA786300C6F30F /* Debug */ = {
			isa = XCBuildConfiguration;
			buildSettings = {
				ASSETCATALOG_COMPILER_APPICON_NAME = AppIcon;
				ASSETCATALOG_COMPILER_GLOBAL_ACCENT_COLOR_NAME = AccentColor;
				CODE_SIGN_STYLE = Automatic;
				CURRENT_PROJECT_VERSION = 1;
				DEVELOPMENT_ASSET_PATHS = "\"ContinuousIntegrationDemo/Preview Content\"";
				ENABLE_PREVIEWS = YES;
				EXCLUDED_ARCHS = "";
				GENERATE_INFOPLIST_FILE = YES;
				INFOPLIST_KEY_UIApplicationSceneManifest_Generation = YES;
				INFOPLIST_KEY_UIApplicationSupportsIndirectInputEvents = YES;
				INFOPLIST_KEY_UILaunchScreen_Generation = YES;
				INFOPLIST_KEY_UISupportedInterfaceOrientations_iPad = "UIInterfaceOrientationPortrait UIInterfaceOrientationPortraitUpsideDown UIInterfaceOrientationLandscapeLeft UIInterfaceOrientationLandscapeRight";
				INFOPLIST_KEY_UISupportedInterfaceOrientations_iPhone = "UIInterfaceOrientationPortrait UIInterfaceOrientationLandscapeLeft UIInterfaceOrientationLandscapeRight";
				LD_RUNPATH_SEARCH_PATHS = (
					"$(inherited)",
					"@executable_path/Frameworks",
				);
				MARKETING_VERSION = 1.0;
				PRODUCT_BUNDLE_IDENTIFIER = com.qweawxthc.ContinuousIntegrationDemo;
				PRODUCT_NAME = "$(TARGET_NAME)";
				SWIFT_EMIT_LOC_STRINGS = YES;
				SWIFT_VERSION = 5.0;
				TARGETED_DEVICE_FAMILY = "1,2";
			};
			name = Debug;
		};
		928DB0B02CEA786300C6F30F /* Release */ = {
			isa = XCBuildConfiguration;
			buildSettings = {
				ASSETCATALOG_COMPILER_APPICON_NAME = AppIcon;
				ASSETCATALOG_COMPILER_GLOBAL_ACCENT_COLOR_NAME = AccentColor;
				CODE_SIGN_STYLE = Automatic;
				CURRENT_PROJECT_VERSION = 1;
				DEVELOPMENT_ASSET_PATHS = "\"ContinuousIntegrationDemo/Preview Content\"";
				ENABLE_PREVIEWS = YES;
				EXCLUDED_ARCHS = "";
				GENERATE_INFOPLIST_FILE = YES;
				INFOPLIST_KEY_UIApplicationSceneManifest_Generation = YES;
				INFOPLIST_KEY_UIApplicationSupportsIndirectInputEvents = YES;
				INFOPLIST_KEY_UILaunchScreen_Generation = YES;
				INFOPLIST_KEY_UISupportedInterfaceOrientations_iPad = "UIInterfaceOrientationPortrait UIInterfaceOrientationPortraitUpsideDown UIInterfaceOrientationLandscapeLeft UIInterfaceOrientationLandscapeRight";
				INFOPLIST_KEY_UISupportedInterfaceOrientations_iPhone = "UIInterfaceOrientationPortrait UIInterfaceOrientationLandscapeLeft UIInterfaceOrientationLandscapeRight";
				LD_RUNPATH_SEARCH_PATHS = (
					"$(inherited)",
					"@executable_path/Frameworks",
				);
				MARKETING_VERSION = 1.0;
				PRODUCT_BUNDLE_IDENTIFIER = com.qweawxthc.ContinuousIntegrationDemo;
				PRODUCT_NAME = "$(TARGET_NAME)";
				SWIFT_EMIT_LOC_STRINGS = YES;
				SWIFT_VERSION = 5.0;
				TARGETED_DEVICE_FAMILY = "1,2";
			};
			name = Release;
		};
		928DB0B22CEA786300C6F30F /* Debug */ = {
			isa = XCBuildConfiguration;
			buildSettings = {
				ALWAYS_EMBED_SWIFT_STANDARD_LIBRARIES = YES;
				BUNDLE_LOADER = "$(TEST_HOST)";
				CODE_SIGN_STYLE = Automatic;
				CURRENT_PROJECT_VERSION = 1;
				GENERATE_INFOPLIST_FILE = YES;
				IPHONEOS_DEPLOYMENT_TARGET = 17.5;
				MARKETING_VERSION = 1.0;
				PRODUCT_BUNDLE_IDENTIFIER = com.qweawxthc.ContinuousIntegrationDemoTests;
				PRODUCT_NAME = "$(TARGET_NAME)";
				SWIFT_EMIT_LOC_STRINGS = NO;
				SWIFT_VERSION = 5.0;
				TARGETED_DEVICE_FAMILY = "1,2";
				TEST_HOST = "$(BUILT_PRODUCTS_DIR)/ContinuousIntegrationDemo.app/$(BUNDLE_EXECUTABLE_FOLDER_PATH)/ContinuousIntegrationDemo";
			};
			name = Debug;
		};
		928DB0B32CEA786300C6F30F /* Release */ = {
			isa = XCBuildConfiguration;
			buildSettings = {
				ALWAYS_EMBED_SWIFT_STANDARD_LIBRARIES = YES;
				BUNDLE_LOADER = "$(TEST_HOST)";
				CODE_SIGN_STYLE = Automatic;
				CURRENT_PROJECT_VERSION = 1;
				GENERATE_INFOPLIST_FILE = YES;
				IPHONEOS_DEPLOYMENT_TARGET = 17.5;
				MARKETING_VERSION = 1.0;
				PRODUCT_BUNDLE_IDENTIFIER = com.qweawxthc.ContinuousIntegrationDemoTests;
				PRODUCT_NAME = "$(TARGET_NAME)";
				SWIFT_EMIT_LOC_STRINGS = NO;
				SWIFT_VERSION = 5.0;
				TARGETED_DEVICE_FAMILY = "1,2";
				TEST_HOST = "$(BUILT_PRODUCTS_DIR)/ContinuousIntegrationDemo.app/$(BUNDLE_EXECUTABLE_FOLDER_PATH)/ContinuousIntegrationDemo";
			};
			name = Release;
		};
		928DB0B52CEA786300C6F30F /* Debug */ = {
			isa = XCBuildConfiguration;
			buildSettings = {
				ALWAYS_EMBED_SWIFT_STANDARD_LIBRARIES = YES;
				CODE_SIGN_STYLE = Automatic;
				CURRENT_PROJECT_VERSION = 1;
				GENERATE_INFOPLIST_FILE = YES;
				MARKETING_VERSION = 1.0;
				PRODUCT_BUNDLE_IDENTIFIER = com.qweawxthc.ContinuousIntegrationDemoUITests;
				PRODUCT_NAME = "$(TARGET_NAME)";
				SWIFT_EMIT_LOC_STRINGS = NO;
				SWIFT_VERSION = 5.0;
				TARGETED_DEVICE_FAMILY = "1,2";
				TEST_TARGET_NAME = ContinuousIntegrationDemo;
			};
			name = Debug;
		};
		928DB0B62CEA786300C6F30F /* Release */ = {
			isa = XCBuildConfiguration;
			buildSettings = {
				ALWAYS_EMBED_SWIFT_STANDARD_LIBRARIES = YES;
				CODE_SIGN_STYLE = Automatic;
				CURRENT_PROJECT_VERSION = 1;
				GENERATE_INFOPLIST_FILE = YES;
				MARKETING_VERSION = 1.0;
				PRODUCT_BUNDLE_IDENTIFIER = com.qweawxthc.ContinuousIntegrationDemoUITests;
				PRODUCT_NAME = "$(TARGET_NAME)";
				SWIFT_EMIT_LOC_STRINGS = NO;
				SWIFT_VERSION = 5.0;
				TARGETED_DEVICE_FAMILY = "1,2";
				TEST_TARGET_NAME = ContinuousIntegrationDemo;
			};
			name = Release;
		};
/* End XCBuildConfiguration section */

/* Begin XCConfigurationList section */
		928DB0852CEA786200C6F30F /* Build configuration list for PBXProject "ContinuousIntegrationDemo" */ = {
			isa = XCConfigurationList;
			buildConfigurations = (
				928DB0AC2CEA786300C6F30F /* Debug */,
				928DB0AD2CEA786300C6F30F /* Release */,
			);
			defaultConfigurationIsVisible = 0;
			defaultConfigurationName = Release;
		};
		928DB0AE2CEA786300C6F30F /* Build configuration list for PBXNativeTarget "ContinuousIntegrationDemo" */ = {
			isa = XCConfigurationList;
			buildConfigurations = (
				928DB0AF2CEA786300C6F30F /* Debug */,
				928DB0B02CEA786300C6F30F /* Release */,
			);
			defaultConfigurationIsVisible = 0;
			defaultConfigurationName = Release;
		};
		928DB0B12CEA786300C6F30F /* Build configuration list for PBXNativeTarget "ContinuousIntegrationDemoTests" */ = {
			isa = XCConfigurationList;
			buildConfigurations = (
				928DB0B22CEA786300C6F30F /* Debug */,
				928DB0B32CEA786300C6F30F /* Release */,
			);
			defaultConfigurationIsVisible = 0;
			defaultConfigurationName = Release;
		};
		928DB0B42CEA786300C6F30F /* Build configuration list for PBXNativeTarget "ContinuousIntegrationDemoUITests" */ = {
			isa = XCConfigurationList;
			buildConfigurations = (
				928DB0B52CEA786300C6F30F /* Debug */,
				928DB0B62CEA786300C6F30F /* Release */,
			);
			defaultConfigurationIsVisible = 0;
			defaultConfigurationName = Release;
		};
/* End XCConfigurationList section */
	};
	rootObject = 928DB0822CEA786200C6F30F /* Project object */;
}
